// !$*UTF8*$!
{
	archiveVersion = 1;
	classes = {
	};
	objectVersion = 48;
	objects = {

/* Begin PBXBuildFile section */
		CA3FDCC71FF0870D005EF76E /* AppDelegate.swift in Sources */ = {isa = PBXBuildFile; fileRef = CA3FDCC61FF0870D005EF76E /* AppDelegate.swift */; };
		CA3FDCCC1FF0870D005EF76E /* Main.storyboard in Resources */ = {isa = PBXBuildFile; fileRef = CA3FDCCA1FF0870D005EF76E /* Main.storyboard */; };
		CA3FDCD11FF0870D005EF76E /* LaunchScreen.storyboard in Resources */ = {isa = PBXBuildFile; fileRef = CA3FDCCF1FF0870D005EF76E /* LaunchScreen.storyboard */; };
		CA3FDCDB1FF15C7F005EF76E /* Assets.xcassets in Resources */ = {isa = PBXBuildFile; fileRef = CA3FDCDA1FF15C7F005EF76E /* Assets.xcassets */; };
		CA3FDCDE1FF1ACC7005EF76E /* MapKit.framework in Frameworks */ = {isa = PBXBuildFile; fileRef = CA3FDCDD1FF1ACC7005EF76E /* MapKit.framework */; settings = {ATTRIBUTES = (Required, ); }; };
		CA3FDCE11FF1ADAA005EF76E /* Explore.storyboard in Resources */ = {isa = PBXBuildFile; fileRef = CA3FDCDF1FF1ADAA005EF76E /* Explore.storyboard */; };
		CA3FDCE31FF1ADF5005EF76E /* Map.storyboard in Resources */ = {isa = PBXBuildFile; fileRef = CA3FDCE21FF1ADF5005EF76E /* Map.storyboard */; };
/* End PBXBuildFile section */

/* Begin PBXFileReference section */
		CA3FDCC31FF0870D005EF76E /* LetsEat.app */ = {isa = PBXFileReference; explicitFileType = wrapper.application; includeInIndex = 0; path = LetsEat.app; sourceTree = BUILT_PRODUCTS_DIR; };
		CA3FDCC61FF0870D005EF76E /* AppDelegate.swift */ = {isa = PBXFileReference; lastKnownFileType = sourcecode.swift; path = AppDelegate.swift; sourceTree = "<group>"; };
		CA3FDCCB1FF0870D005EF76E /* Base */ = {isa = PBXFileReference; lastKnownFileType = file.storyboard; name = Base; path = Base.lproj/Main.storyboard; sourceTree = "<group>"; };
		CA3FDCD01FF0870D005EF76E /* Base */ = {isa = PBXFileReference; lastKnownFileType = file.storyboard; name = Base; path = Base.lproj/LaunchScreen.storyboard; sourceTree = "<group>"; };
		CA3FDCD21FF0870D005EF76E /* Info.plist */ = {isa = PBXFileReference; lastKnownFileType = text.plist.xml; path = Info.plist; sourceTree = "<group>"; };
		CA3FDCDA1FF15C7F005EF76E /* Assets.xcassets */ = {isa = PBXFileReference; lastKnownFileType = folder.assetcatalog; path = Assets.xcassets; sourceTree = "<group>"; };
		CA3FDCDD1FF1ACC7005EF76E /* MapKit.framework */ = {isa = PBXFileReference; lastKnownFileType = wrapper.framework; name = MapKit.framework; path = System/Library/Frameworks/MapKit.framework; sourceTree = SDKROOT; };
		CA3FDCE01FF1ADAA005EF76E /* Base */ = {isa = PBXFileReference; lastKnownFileType = file.storyboard; name = Base; path = LetsEat/Base.lproj/Explore.storyboard; sourceTree = "<group>"; };
		CA3FDCE21FF1ADF5005EF76E /* Map.storyboard */ = {isa = PBXFileReference; fileEncoding = 4; lastKnownFileType = file.storyboard; path = Map.storyboard; sourceTree = "<group>"; };
/* End PBXFileReference section */

/* Begin PBXFrameworksBuildPhase section */
		CA3FDCC01FF0870D005EF76E /* Frameworks */ = {
			isa = PBXFrameworksBuildPhase;
			buildActionMask = 2147483647;
			files = (
				CA3FDCDE1FF1ACC7005EF76E /* MapKit.framework in Frameworks */,
			);
			runOnlyForDeploymentPostprocessing = 0;
		};
/* End PBXFrameworksBuildPhase section */

/* Begin PBXGroup section */
		CA3FDCBA1FF0870D005EF76E = {
			isa = PBXGroup;
			children = (
				CA3FDCC51FF0870D005EF76E /* LetsEat */,
				CA3FDCC41FF0870D005EF76E /* Products */,
				CA3FDCDC1FF1ACC7005EF76E /* Frameworks */,
			);
			sourceTree = "<group>";
		};
		CA3FDCC41FF0870D005EF76E /* Products */ = {
			isa = PBXGroup;
			children = (
				CA3FDCC31FF0870D005EF76E /* LetsEat.app */,
			);
			name = Products;
			sourceTree = "<group>";
		};
		CA3FDCC51FF0870D005EF76E /* LetsEat */ = {
			isa = PBXGroup;
			children = (
				CA3FDCE41FF1AE3D005EF76E /* Application */,
				CA3FDCE51FF1AE4D005EF76E /* Assets */,
			);
			path = LetsEat;
			sourceTree = "<group>";
		};
		CA3FDCDC1FF1ACC7005EF76E /* Frameworks */ = {
			isa = PBXGroup;
			children = (
				CA3FDCDD1FF1ACC7005EF76E /* MapKit.framework */,
			);
			name = Frameworks;
			sourceTree = "<group>";
		};
		CA3FDCE41FF1AE3D005EF76E /* Application */ = {
			isa = PBXGroup;
			children = (
				CA3FDCEF1FF1AF9B005EF76E /* Common */,
				CA3FDCE91FF1AF4E005EF76E /* Explore */,
				CA3FDCEC1FF1AF73005EF76E /* Location */,
				CA3FDCE81FF1AF46005EF76E /* Main */,
				CA3FDCEB1FF1AF6C005EF76E /* Map */,
				CA3FDCEE1FF1AF8F005EF76E /* Review List */,
				CA3FDCED1FF1AF85005EF76E /* Review */,
				CA3FDCEA1FF1AF5D005EF76E /* Resturant */,
			);
			path = Application;
			sourceTree = "<group>";
		};
		CA3FDCE51FF1AE4D005EF76E /* Assets */ = {
			isa = PBXGroup;
			children = (
				CA3FDCD21FF0870D005EF76E /* Info.plist */,
				CA3FDCE61FF1AEAE005EF76E /* Image */,
				CA3FDCE71FF1AEC1005EF76E /* Storyboard */,
			);
			path = Assets;
			sourceTree = "<group>";
		};
		CA3FDCE61FF1AEAE005EF76E /* Image */ = {
			isa = PBXGroup;
			children = (
				CA3FDCDA1FF15C7F005EF76E /* Assets.xcassets */,
			);
			path = Image;
			sourceTree = "<group>";
		};
		CA3FDCE71FF1AEC1005EF76E /* Storyboard */ = {
			isa = PBXGroup;
			children = (
				CA3FDCCA1FF0870D005EF76E /* Main.storyboard */,
				CA3FDCCF1FF0870D005EF76E /* LaunchScreen.storyboard */,
				CA3FDCE21FF1ADF5005EF76E /* Map.storyboard */,
				CA3FDCDF1FF1ADAA005EF76E /* Explore.storyboard */,
			);
			path = Storyboard;
			sourceTree = "<group>";
		};
		CA3FDCE81FF1AF46005EF76E /* Main */ = {
			isa = PBXGroup;
			children = (
				CA3FDCC61FF0870D005EF76E /* AppDelegate.swift */,
			);
			path = Main;
			sourceTree = "<group>";
		};
		CA3FDCE91FF1AF4E005EF76E /* Explore */ = {
			isa = PBXGroup;
			children = (
			);
			path = Explore;
			sourceTree = "<group>";
		};
		CA3FDCEA1FF1AF5D005EF76E /* Resturant */ = {
			isa = PBXGroup;
			children = (
			);
			path = Resturant;
			sourceTree = "<group>";
		};
		CA3FDCEB1FF1AF6C005EF76E /* Map */ = {
			isa = PBXGroup;
			children = (
			);
			path = Map;
			sourceTree = "<group>";
		};
		CA3FDCEC1FF1AF73005EF76E /* Location */ = {
			isa = PBXGroup;
			children = (
			);
			path = Location;
			sourceTree = "<group>";
		};
		CA3FDCED1FF1AF85005EF76E /* Review */ = {
			isa = PBXGroup;
			children = (
			);
			path = Review;
			sourceTree = "<group>";
		};
		CA3FDCEE1FF1AF8F005EF76E /* Review List */ = {
			isa = PBXGroup;
			children = (
			);
			path = "Review List";
			sourceTree = "<group>";
		};
		CA3FDCEF1FF1AF9B005EF76E /* Common */ = {
			isa = PBXGroup;
			children = (
			);
			path = Common;
			sourceTree = "<group>";
		};
/* End PBXGroup section */

/* Begin PBXNativeTarget section */
		CA3FDCC21FF0870D005EF76E /* LetsEat */ = {
			isa = PBXNativeTarget;
			buildConfigurationList = CA3FDCD51FF0870D005EF76E /* Build configuration list for PBXNativeTarget "LetsEat" */;
			buildPhases = (
				CA3FDCBF1FF0870D005EF76E /* Sources */,
				CA3FDCC01FF0870D005EF76E /* Frameworks */,
				CA3FDCC11FF0870D005EF76E /* Resources */,
			);
			buildRules = (
			);
			dependencies = (
			);
			name = LetsEat;
			productName = LetsEat;
			productReference = CA3FDCC31FF0870D005EF76E /* LetsEat.app */;
			productType = "com.apple.product-type.application";
		};
/* End PBXNativeTarget section */

/* Begin PBXProject section */
		CA3FDCBB1FF0870D005EF76E /* Project object */ = {
			isa = PBXProject;
			attributes = {
				LastSwiftUpdateCheck = 0920;
				LastUpgradeCheck = 0920;
				ORGANIZATIONNAME = "Remi Tobias";
				TargetAttributes = {
					CA3FDCC21FF0870D005EF76E = {
						CreatedOnToolsVersion = 9.2;
						ProvisioningStyle = Automatic;
					};
				};
			};
			buildConfigurationList = CA3FDCBE1FF0870D005EF76E /* Build configuration list for PBXProject "LetsEat" */;
			compatibilityVersion = "Xcode 8.0";
			developmentRegion = en;
			hasScannedForEncodings = 0;
			knownRegions = (
				en,
				Base,
			);
			mainGroup = CA3FDCBA1FF0870D005EF76E;
			productRefGroup = CA3FDCC41FF0870D005EF76E /* Products */;
			projectDirPath = "";
			projectRoot = "";
			targets = (
				CA3FDCC21FF0870D005EF76E /* LetsEat */,
			);
		};
/* End PBXProject section */

/* Begin PBXResourcesBuildPhase section */
		CA3FDCC11FF0870D005EF76E /* Resources */ = {
			isa = PBXResourcesBuildPhase;
			buildActionMask = 2147483647;
			files = (
				CA3FDCE11FF1ADAA005EF76E /* Explore.storyboard in Resources */,
				CA3FDCD11FF0870D005EF76E /* LaunchScreen.storyboard in Resources */,
				CA3FDCE31FF1ADF5005EF76E /* Map.storyboard in Resources */,
				CA3FDCDB1FF15C7F005EF76E /* Assets.xcassets in Resources */,
				CA3FDCCC1FF0870D005EF76E /* Main.storyboard in Resources */,
			);
			runOnlyForDeploymentPostprocessing = 0;
		};
/* End PBXResourcesBuildPhase section */

/* Begin PBXSourcesBuildPhase section */
		CA3FDCBF1FF0870D005EF76E /* Sources */ = {
			isa = PBXSourcesBuildPhase;
			buildActionMask = 2147483647;
			files = (
				CA3FDCC71FF0870D005EF76E /* AppDelegate.swift in Sources */,
			);
			runOnlyForDeploymentPostprocessing = 0;
		};
/* End PBXSourcesBuildPhase section */

/* Begin PBXVariantGroup section */
		CA3FDCCA1FF0870D005EF76E /* Main.storyboard */ = {
			isa = PBXVariantGroup;
			children = (
				CA3FDCCB1FF0870D005EF76E /* Base */,
			);
			name = Main.storyboard;
			sourceTree = "<group>";
		};
		CA3FDCCF1FF0870D005EF76E /* LaunchScreen.storyboard */ = {
			isa = PBXVariantGroup;
			children = (
				CA3FDCD01FF0870D005EF76E /* Base */,
			);
			name = LaunchScreen.storyboard;
			sourceTree = "<group>";
		};
		CA3FDCDF1FF1ADAA005EF76E /* Explore.storyboard */ = {
			isa = PBXVariantGroup;
			children = (
				CA3FDCE01FF1ADAA005EF76E /* Base */,
			);
			name = Explore.storyboard;
			sourceTree = "<group>";
		};
/* End PBXVariantGroup section */

/* Begin XCBuildConfiguration section */
		CA3FDCD31FF0870D005EF76E /* Debug */ = {
			isa = XCBuildConfiguration;
			buildSettings = {
				ALWAYS_SEARCH_USER_PATHS = NO;
				CLANG_ANALYZER_NONNULL = YES;
				CLANG_ANALYZER_NUMBER_OBJECT_CONVERSION = YES_AGGRESSIVE;
				CLANG_CXX_LANGUAGE_STANDARD = "gnu++14";
				CLANG_CXX_LIBRARY = "libc++";
				CLANG_ENABLE_MODULES = YES;
				CLANG_ENABLE_OBJC_ARC = YES;
				CLANG_WARN_BLOCK_CAPTURE_AUTORELEASING = YES;
				CLANG_WARN_BOOL_CONVERSION = YES;
				CLANG_WARN_COMMA = YES;
				CLANG_WARN_CONSTANT_CONVERSION = YES;
				CLANG_WARN_DIRECT_OBJC_ISA_USAGE = YES_ERROR;
				CLANG_WARN_DOCUMENTATION_COMMENTS = YES;
				CLANG_WARN_EMPTY_BODY = YES;
				CLANG_WARN_ENUM_CONVERSION = YES;
				CLANG_WARN_INFINITE_RECURSION = YES;
				CLANG_WARN_INT_CONVERSION = YES;
				CLANG_WARN_NON_LITERAL_NULL_CONVERSION = YES;
				CLANG_WARN_OBJC_LITERAL_CONVERSION = YES;
				CLANG_WARN_OBJC_ROOT_CLASS = YES_ERROR;
				CLANG_WARN_RANGE_LOOP_ANALYSIS = YES;
				CLANG_WARN_STRICT_PROTOTYPES = YES;
				CLANG_WARN_SUSPICIOUS_MOVE = YES;
				CLANG_WARN_UNGUARDED_AVAILABILITY = YES_AGGRESSIVE;
				CLANG_WARN_UNREACHABLE_CODE = YES;
				CLANG_WARN__DUPLICATE_METHOD_MATCH = YES;
				CODE_SIGN_IDENTITY = "iPhone Developer";
				COPY_PHASE_STRIP = NO;
				DEBUG_INFORMATION_FORMAT = dwarf;
				ENABLE_STRICT_OBJC_MSGSEND = YES;
				ENABLE_TESTABILITY = YES;
				GCC_C_LANGUAGE_STANDARD = gnu11;
				GCC_DYNAMIC_NO_PIC = NO;
				GCC_NO_COMMON_BLOCKS = YES;
				GCC_OPTIMIZATION_LEVEL = 0;
				GCC_PREPROCESSOR_DEFINITIONS = (
					"DEBUG=1",
					"$(inherited)",
				);
				GCC_WARN_64_TO_32_BIT_CONVERSION = YES;
				GCC_WARN_ABOUT_RETURN_TYPE = YES_ERROR;
				GCC_WARN_UNDECLARED_SELECTOR = YES;
				GCC_WARN_UNINITIALIZED_AUTOS = YES_AGGRESSIVE;
				GCC_WARN_UNUSED_FUNCTION = YES;
				GCC_WARN_UNUSED_VARIABLE = YES;
				IPHONEOS_DEPLOYMENT_TARGET = 11.2;
				MTL_ENABLE_DEBUG_INFO = YES;
				ONLY_ACTIVE_ARCH = YES;
				SDKROOT = iphoneos;
				SWIFT_ACTIVE_COMPILATION_CONDITIONS = DEBUG;
				SWIFT_OPTIMIZATION_LEVEL = "-Onone";
			};
			name = Debug;
		};
		CA3FDCD41FF0870D005EF76E /* Release */ = {
			isa = XCBuildConfiguration;
			buildSettings = {
				ALWAYS_SEARCH_USER_PATHS = NO;
				CLANG_ANALYZER_NONNULL = YES;
				CLANG_ANALYZER_NUMBER_OBJECT_CONVERSION = YES_AGGRESSIVE;
				CLANG_CXX_LANGUAGE_STANDARD = "gnu++14";
				CLANG_CXX_LIBRARY = "libc++";
				CLANG_ENABLE_MODULES = YES;
				CLANG_ENABLE_OBJC_ARC = YES;
				CLANG_WARN_BLOCK_CAPTURE_AUTORELEASING = YES;
				CLANG_WARN_BOOL_CONVERSION = YES;
				CLANG_WARN_COMMA = YES;
				CLANG_WARN_CONSTANT_CONVERSION = YES;
				CLANG_WARN_DIRECT_OBJC_ISA_USAGE = YES_ERROR;
				CLANG_WARN_DOCUMENTATION_COMMENTS = YES;
				CLANG_WARN_EMPTY_BODY = YES;
				CLANG_WARN_ENUM_CONVERSION = YES;
				CLANG_WARN_INFINITE_RECURSION = YES;
				CLANG_WARN_INT_CONVERSION = YES;
				CLANG_WARN_NON_LITERAL_NULL_CONVERSION = YES;
				CLANG_WARN_OBJC_LITERAL_CONVERSION = YES;
				CLANG_WARN_OBJC_ROOT_CLASS = YES_ERROR;
				CLANG_WARN_RANGE_LOOP_ANALYSIS = YES;
				CLANG_WARN_STRICT_PROTOTYPES = YES;
				CLANG_WARN_SUSPICIOUS_MOVE = YES;
				CLANG_WARN_UNGUARDED_AVAILABILITY = YES_AGGRESSIVE;
				CLANG_WARN_UNREACHABLE_CODE = YES;
				CLANG_WARN__DUPLICATE_METHOD_MATCH = YES;
				CODE_SIGN_IDENTITY = "iPhone Developer";
				COPY_PHASE_STRIP = NO;
				DEBUG_INFORMATION_FORMAT = "dwarf-with-dsym";
				ENABLE_NS_ASSERTIONS = NO;
				ENABLE_STRICT_OBJC_MSGSEND = YES;
				GCC_C_LANGUAGE_STANDARD = gnu11;
				GCC_NO_COMMON_BLOCKS = YES;
				GCC_WARN_64_TO_32_BIT_CONVERSION = YES;
				GCC_WARN_ABOUT_RETURN_TYPE = YES_ERROR;
				GCC_WARN_UNDECLARED_SELECTOR = YES;
				GCC_WARN_UNINITIALIZED_AUTOS = YES_AGGRESSIVE;
				GCC_WARN_UNUSED_FUNCTION = YES;
				GCC_WARN_UNUSED_VARIABLE = YES;
				IPHONEOS_DEPLOYMENT_TARGET = 11.2;
				MTL_ENABLE_DEBUG_INFO = NO;
				SDKROOT = iphoneos;
				SWIFT_OPTIMIZATION_LEVEL = "-Owholemodule";
				VALIDATE_PRODUCT = YES;
			};
			name = Release;
		};
		CA3FDCD61FF0870D005EF76E /* Debug */ = {
			isa = XCBuildConfiguration;
			buildSettings = {
				ASSETCATALOG_COMPILER_APPICON_NAME = AppIcon;
				CODE_SIGN_STYLE = Automatic;
				DEVELOPMENT_TEAM = R35829MY5Q;
				INFOPLIST_FILE = LetsEat/Assets/Info.plist;
				IPHONEOS_DEPLOYMENT_TARGET = 10.0;
				LD_RUNPATH_SEARCH_PATHS = "$(inherited) @executable_path/Frameworks";
				PRODUCT_BUNDLE_IDENTIFIER = com.remitobias.LetsEat;
				PRODUCT_NAME = "$(TARGET_NAME)";
				SWIFT_VERSION = 4.0;
				TARGETED_DEVICE_FAMILY = "1,2";
			};
			name = Debug;
		};
		CA3FDCD71FF0870D005EF76E /* Release */ = {
			isa = XCBuildConfiguration;
			buildSettings = {
				ASSETCATALOG_COMPILER_APPICON_NAME = AppIcon;
				CODE_SIGN_STYLE = Automatic;
				DEVELOPMENT_TEAM = R35829MY5Q;
				INFOPLIST_FILE = LetsEat/Assets/Info.plist;
				IPHONEOS_DEPLOYMENT_TARGET = 10.0;
				LD_RUNPATH_SEARCH_PATHS = "$(inherited) @executable_path/Frameworks";
				PRODUCT_BUNDLE_IDENTIFIER = com.remitobias.LetsEat;
				PRODUCT_NAME = "$(TARGET_NAME)";
				SWIFT_VERSION = 4.0;
				TARGETED_DEVICE_FAMILY = "1,2";
			};
			name = Release;
		};
/* End XCBuildConfiguration section */

/* Begin XCConfigurationList section */
		CA3FDCBE1FF0870D005EF76E /* Build configuration list for PBXProject "LetsEat" */ = {
			isa = XCConfigurationList;
			buildConfigurations = (
				CA3FDCD31FF0870D005EF76E /* Debug */,
				CA3FDCD41FF0870D005EF76E /* Release */,
			);
			defaultConfigurationIsVisible = 0;
			defaultConfigurationName = Release;
		};
		CA3FDCD51FF0870D005EF76E /* Build configuration list for PBXNativeTarget "LetsEat" */ = {
			isa = XCConfigurationList;
			buildConfigurations = (
				CA3FDCD61FF0870D005EF76E /* Debug */,
				CA3FDCD71FF0870D005EF76E /* Release */,
			);
			defaultConfigurationIsVisible = 0;
			defaultConfigurationName = Release;
		};
/* End XCConfigurationList section */
	};
	rootObject = CA3FDCBB1FF0870D005EF76E /* Project object */;
}
